
Microsoft Visual Studio Solution File, Format Version 12.00
# Visual Studio Version 17
VisualStudioVersion = 17.8.34330.188
MinimumVisualStudioVersion = 10.0.40219.1
Project("{FAE04EC0-301F-11D3-BF4B-00C04F79EFBC}") = "Cuistar", "Cuistar\Cuistar.csproj", "{9A8AA2CF-62ED-46FC-A74F-906A95975425}"
EndProject
Global
	GlobalSection(SolutionConfigurationPlatforms) = preSolution
		Debug|Any CPU = Debug|Any CPU
		Release|Any CPU = Release|Any CPU
	EndGlobalSection
	GlobalSection(ProjectConfigurationPlatforms) = postSolution
		{9A8AA2CF-62ED-46FC-A74F-906A95975425}.Debug|Any CPU.ActiveCfg = Debug|Any CPU
		{9A8AA2CF-62ED-46FC-A74F-906A95975425}.Debug|Any CPU.Build.0 = Debug|Any CPU
		{9A8AA2CF-62ED-46FC-A74F-906A95975425}.Release|Any CPU.ActiveCfg = Release|Any CPU
		{9A8AA2CF-62ED-46FC-A74F-906A95975425}.Release|Any CPU.Build.0 = Release|Any CPU
	EndGlobalSection
	GlobalSection(SolutionProperties) = preSolution
		HideSolutionNode = FALSE
	EndGlobalSection
	GlobalSection(ExtensibilityGlobals) = postSolution
		SolutionGuid = {2CCD7ADE-4B31-4B38-88C0-0095A08FC5B6}
	EndGlobalSection
EndGlobal
